{
  "name": "so100-twin-web",
  "version": "0.1.0",
  "lockfileVersion": 3,
  "requires": true,
  "packages": {
    "": {
      "name": "so100-twin-web",
      "version": "0.1.0",
      "dependencies": {
        "mujoco-js": "^0.0.7",
        "three": "^0.181.0"
      }
    },
    "node_modules/mujoco-js": {
      "version": "0.0.7",
      "resolved": "https://registry.npmjs.org/mujoco-js/-/mujoco-js-0.0.7.tgz",
      "integrity": "sha512-MXCudYo+QCncFEQVxDy9GjELOGRNKsSucKpHgz9hNeRSWXP01xhtZr5GNvY30Rvs/mtfV/jPb3uIsiYXPJ2V2g==",
      "deprecated": "Package no longer supported. Contact Support at https://www.npmjs.com/support for more info.",
      "license": "Apache-2.0"
    },
    "node_modules/three": {
      "version": "0.181.2",
      "resolved": "https://registry.npmjs.org/three/-/three-0.181.2.tgz",
      "integrity": "sha512-k/CjiZ80bYss6Qs7/ex1TBlPD11whT9oKfT8oTGiHa34W4JRd1NiH/Tr1DbHWQ2/vMUypxksLnF2CfmlmM5XFQ==",
      "license": "MIT"
    }
  }
}
